
Microsoft Visual Studio Solution File, Format Version 12.00
# Visual Studio Version 16
VisualStudioVersion = 16.0.30804.86
MinimumVisualStudioVersion = 10.0.40219.1
Project("{FAE04EC0-301F-11D3-BF4B-00C04F79EFBC}") = "CelularAutomatonPRNG", "CelularAutomatonPRNG\CelularAutomatonPRNG.csproj", "{BB0D6E64-B588-4291-A9AC-FA19046B1405}"
EndProject
Project("{FAE04EC0-301F-11D3-BF4B-00C04F79EFBC}") = "CelularAutomatonPRNG.Tests", "CelularAutomatonPRNG.Tests\CelularAutomatonPRNG.Tests.csproj", "{C03C71A3-AEC4-4447-9650-58DAA773ED8D}"
EndProject
Global
	GlobalSection(SolutionConfigurationPlatforms) = preSolution
		Debug|Any CPU = Debug|Any CPU
		Release|Any CPU = Release|Any CPU
	EndGlobalSection
	GlobalSection(ProjectConfigurationPlatforms) = postSolution
		{BB0D6E64-B588-4291-A9AC-FA19046B1405}.Debug|Any CPU.ActiveCfg = Debug|Any CPU
		{BB0D6E64-B588-4291-A9AC-FA19046B1405}.Debug|Any CPU.Build.0 = Debug|Any CPU
		{BB0D6E64-B588-4291-A9AC-FA19046B1405}.Release|Any CPU.ActiveCfg = Release|Any CPU
		{BB0D6E64-B588-4291-A9AC-FA19046B1405}.Release|Any CPU.Build.0 = Release|Any CPU
		{C03C71A3-AEC4-4447-9650-58DAA773ED8D}.Debug|Any CPU.ActiveCfg = Debug|Any CPU
		{C03C71A3-AEC4-4447-9650-58DAA773ED8D}.Debug|Any CPU.Build.0 = Debug|Any CPU
		{C03C71A3-AEC4-4447-9650-58DAA773ED8D}.Release|Any CPU.ActiveCfg = Release|Any CPU
		{C03C71A3-AEC4-4447-9650-58DAA773ED8D}.Release|Any CPU.Build.0 = Release|Any CPU
	EndGlobalSection
	GlobalSection(SolutionProperties) = preSolution
		HideSolutionNode = FALSE
	EndGlobalSection
	GlobalSection(ExtensibilityGlobals) = postSolution
		SolutionGuid = {22E172D9-D184-459E-98E0-E62E73E0A4FA}
	EndGlobalSection
EndGlobal
